{
  "name": "portfolio",
  "version": "1.0.0",
  "lockfileVersion": 3,
  "requires": true,
  "packages": {
    "": {
      "name": "portfolio",
      "version": "1.0.0",
      "dependencies": {
        "dotenv": "^16.3.1",
        "express": "^4.18.2",
        "express-handlebars": "^7.1.2"
      },
      "devDependencies": {
        "eslint": "^8.54.0",
        "jest": "^29.7.0",
        "nodemon": "^3.0.1",
        "prettier": "^3.1.0"
      }
    },
    "node_modules/@eslint-community/eslint-utils": {
      "version": "4.4.0",
      "resolved": "https://registry.npmjs.org/@eslint-community/eslint-utils/-/eslint-utils-4.4.0.tgz",
      "dependencies": {
        "eslint-visitor-keys": "^3.4.1"
      },
      "engines": {
        "node": "^12.22.0 || ^14.17.0 || >=16.0.0"
      },
      "peerDependencies": {
        "eslint": "^6.0.0 || ^7.0.0 || >=8.0.0"
      }
    }
  }
}
